
Microsoft Visual Studio Solution File, Format Version 12.00
# Visual Studio Version 17
VisualStudioVersion = 17.4.33403.182
MinimumVisualStudioVersion = 10.0.40219.1
Project("{FAE04EC0-301F-11D3-BF4B-00C04F79EFBC}") = "ConsoleApp15-matrices_filas_y_columnas", "ConsoleApp15-matrices_filas_y_columnas\ConsoleApp15-matrices_filas_y_columnas.csproj", "{C139D3FA-82E8-4EEB-B403-BFDABC417327}"
EndProject
Global
	GlobalSection(SolutionConfigurationPlatforms) = preSolution
		Debug|Any CPU = Debug|Any CPU
		Release|Any CPU = Release|Any CPU
	EndGlobalSection
	GlobalSection(ProjectConfigurationPlatforms) = postSolution
		{C139D3FA-82E8-4EEB-B403-BFDABC417327}.Debug|Any CPU.ActiveCfg = Debug|Any CPU
		{C139D3FA-82E8-4EEB-B403-BFDABC417327}.Debug|Any CPU.Build.0 = Debug|Any CPU
		{C139D3FA-82E8-4EEB-B403-BFDABC417327}.Release|Any CPU.ActiveCfg = Release|Any CPU
		{C139D3FA-82E8-4EEB-B403-BFDABC417327}.Release|Any CPU.Build.0 = Release|Any CPU
	EndGlobalSection
	GlobalSection(SolutionProperties) = preSolution
		HideSolutionNode = FALSE
	EndGlobalSection
	GlobalSection(ExtensibilityGlobals) = postSolution
		SolutionGuid = {C412378E-01D9-465C-BC91-BC550C43D6A2}
	EndGlobalSection
EndGlobal
