
Microsoft Visual Studio Solution File, Format Version 12.00
# Visual Studio Version 17
VisualStudioVersion = 17.4.33403.182
MinimumVisualStudioVersion = 10.0.40219.1
Project("{FAE04EC0-301F-11D3-BF4B-00C04F79EFBC}") = "ConsoleApp16-matrices_y_vectores_paralelos", "ConsoleApp16-matrices_y_vectores_paralelos\ConsoleApp16-matrices_y_vectores_paralelos.csproj", "{79D00F8E-CCA6-4EEF-B582-01F859726589}"
EndProject
Global
	GlobalSection(SolutionConfigurationPlatforms) = preSolution
		Debug|Any CPU = Debug|Any CPU
		Release|Any CPU = Release|Any CPU
	EndGlobalSection
	GlobalSection(ProjectConfigurationPlatforms) = postSolution
		{79D00F8E-CCA6-4EEF-B582-01F859726589}.Debug|Any CPU.ActiveCfg = Debug|Any CPU
		{79D00F8E-CCA6-4EEF-B582-01F859726589}.Debug|Any CPU.Build.0 = Debug|Any CPU
		{79D00F8E-CCA6-4EEF-B582-01F859726589}.Release|Any CPU.ActiveCfg = Release|Any CPU
		{79D00F8E-CCA6-4EEF-B582-01F859726589}.Release|Any CPU.Build.0 = Release|Any CPU
	EndGlobalSection
	GlobalSection(SolutionProperties) = preSolution
		HideSolutionNode = FALSE
	EndGlobalSection
	GlobalSection(ExtensibilityGlobals) = postSolution
		SolutionGuid = {A08FE56C-AF57-46DC-B15F-09EADB1D8D1A}
	EndGlobalSection
EndGlobal
