
Microsoft Visual Studio Solution File, Format Version 12.00
# Visual Studio Version 17
VisualStudioVersion = 17.5.33502.453
MinimumVisualStudioVersion = 10.0.40219.1
Project("{FAE04EC0-301F-11D3-BF4B-00C04F79EFBC}") = "colecciones_2", "colecciones_2\colecciones_2.csproj", "{62F0ED91-47D6-4A7A-BA9E-1AE12A2EECBE}"
EndProject
Global
	GlobalSection(SolutionConfigurationPlatforms) = preSolution
		Debug|Any CPU = Debug|Any CPU
		Release|Any CPU = Release|Any CPU
	EndGlobalSection
	GlobalSection(ProjectConfigurationPlatforms) = postSolution
		{62F0ED91-47D6-4A7A-BA9E-1AE12A2EECBE}.Debug|Any CPU.ActiveCfg = Debug|Any CPU
		{62F0ED91-47D6-4A7A-BA9E-1AE12A2EECBE}.Debug|Any CPU.Build.0 = Debug|Any CPU
		{62F0ED91-47D6-4A7A-BA9E-1AE12A2EECBE}.Release|Any CPU.ActiveCfg = Release|Any CPU
		{62F0ED91-47D6-4A7A-BA9E-1AE12A2EECBE}.Release|Any CPU.Build.0 = Release|Any CPU
	EndGlobalSection
	GlobalSection(SolutionProperties) = preSolution
		HideSolutionNode = FALSE
	EndGlobalSection
	GlobalSection(ExtensibilityGlobals) = postSolution
		SolutionGuid = {8B911DDC-EFF6-45A9-8EB6-F8878BB2458A}
	EndGlobalSection
EndGlobal
