
Microsoft Visual Studio Solution File, Format Version 12.00
# Visual Studio Version 17
VisualStudioVersion = 17.5.33516.290
MinimumVisualStudioVersion = 10.0.40219.1
Project("{FAE04EC0-301F-11D3-BF4B-00C04F79EFBC}") = "Ejercitacion_POO", "Ejercitacion_POO\Ejercitacion_POO.csproj", "{D3708FA0-6AFB-4421-B0DA-D8E24C6380A6}"
EndProject
Global
	GlobalSection(SolutionConfigurationPlatforms) = preSolution
		Debug|Any CPU = Debug|Any CPU
		Release|Any CPU = Release|Any CPU
	EndGlobalSection
	GlobalSection(ProjectConfigurationPlatforms) = postSolution
		{D3708FA0-6AFB-4421-B0DA-D8E24C6380A6}.Debug|Any CPU.ActiveCfg = Debug|Any CPU
		{D3708FA0-6AFB-4421-B0DA-D8E24C6380A6}.Debug|Any CPU.Build.0 = Debug|Any CPU
		{D3708FA0-6AFB-4421-B0DA-D8E24C6380A6}.Release|Any CPU.ActiveCfg = Release|Any CPU
		{D3708FA0-6AFB-4421-B0DA-D8E24C6380A6}.Release|Any CPU.Build.0 = Release|Any CPU
	EndGlobalSection
	GlobalSection(SolutionProperties) = preSolution
		HideSolutionNode = FALSE
	EndGlobalSection
	GlobalSection(ExtensibilityGlobals) = postSolution
		SolutionGuid = {92E8A8C3-E644-47B9-AB4A-44F6AAF6DF3C}
	EndGlobalSection
EndGlobal
