
Microsoft Visual Studio Solution File, Format Version 12.00
# Visual Studio Version 17
VisualStudioVersion = 17.4.33213.308
MinimumVisualStudioVersion = 10.0.40219.1
Project("{FAE04EC0-301F-11D3-BF4B-00C04F79EFBC}") = "ConsoleApp12-vectores-mayor_menor", "ConsoleApp12-vectores-mayor_menor\ConsoleApp12-vectores-mayor_menor.csproj", "{D63FB2C5-07E9-4AEC-A445-33E4A41E8A9B}"
EndProject
Global
	GlobalSection(SolutionConfigurationPlatforms) = preSolution
		Debug|Any CPU = Debug|Any CPU
		Release|Any CPU = Release|Any CPU
	EndGlobalSection
	GlobalSection(ProjectConfigurationPlatforms) = postSolution
		{D63FB2C5-07E9-4AEC-A445-33E4A41E8A9B}.Debug|Any CPU.ActiveCfg = Debug|Any CPU
		{D63FB2C5-07E9-4AEC-A445-33E4A41E8A9B}.Debug|Any CPU.Build.0 = Debug|Any CPU
		{D63FB2C5-07E9-4AEC-A445-33E4A41E8A9B}.Release|Any CPU.ActiveCfg = Release|Any CPU
		{D63FB2C5-07E9-4AEC-A445-33E4A41E8A9B}.Release|Any CPU.Build.0 = Release|Any CPU
	EndGlobalSection
	GlobalSection(SolutionProperties) = preSolution
		HideSolutionNode = FALSE
	EndGlobalSection
	GlobalSection(ExtensibilityGlobals) = postSolution
		SolutionGuid = {D30F45B4-C145-42E0-8816-97AF4E2C7B04}
	EndGlobalSection
EndGlobal
